{
  "version": "v1",
  "packages": {
    "app-builder-lib": {
      "signature": "fdce25ae85ba9686701864635b75bd0c"
    },
    "builder-util": {
      "signature": "6eae6ddb9e6fcd9f0227ab464b6d49f7"
    },
    "builder-util-runtime": {
      "signature": "d9003e9d10807fa06e3c8450fc576953"
    },
    "dmg-builder": {
      "signature": "74c020668a0a9c5429ac7f95cf625c1e"
    },
    "electron-builder": {
      "signature": "ee56501cbc9e2bb4a2287ede83a45634"
    },
    "electron-publish": {
      "signature": "eb8c28e6e01838cf1908c50b9ea232c1"
    },
    "electron-builder-squirrel-windows": {
      "signature": "ef29e6ba9be8a054fda4ebef10e93a29"
    },
    "electron-forge-maker-appimage": {
      "signature": "b7e101201a3c3e2230bf9fe3122c8fa3"
    },
    "electron-forge-maker-nsis": {
      "signature": "27ddd52cce089c483cd32ea0d529546e"
    },
    "electron-forge-maker-nsis-web": {
      "signature": "4dbe828d2065a43375035b5790a8a4ce"
    },
    "electron-forge-maker-snap": {
      "signature": "adb57f371a3759779625b55e2f2fc6c1"
    },
    "electron-updater": {
      "signature": "ee51f3f4369560360cff0d149cc11d87"
    }
  }
}